
{
  "name": "localcompletion",
  "version": "0.3.0",
  "lockfileVersion": 3,
  "requires": true,
  "packages": {
    "": {
      "name": "localcompletion",
      "version": "0.3.0",
      "dependencies": {
        "openai": "^4.14.1",
        "simple-git": "^3.22.0"
      },
      "devDependencies": {
        "@types/mocha": "^10.0.2",
        "@types/node": "18.x",
        "@types/vscode": "^1.83.0",
        "@typescript-eslint/eslint-plugin": "^6.7.3",
        "@typescript-eslint/parser": "^6.7.3",
        "@vscode/test-electron": "^2.3.4",
        "eslint": "^8.50.0",
        "glob": "^10.3.3",
        "mocha": "^10.2.0",
        "ts-loader": "^9.4.4",
        "typescript": "^5.2.2",
        "webpack": "^5.88.2",
        "webpack-cli": "^5.1.4"
      },
      "engines": {
        "vscode": "^1.83.0"
      }
    },
    "node_modules/@aashutoshrathi/word-wrap": {
      "version": "1.2.6",
      "resolved": "https://registry.npmjs.org/@aashutoshrathi/word-wrap/-/word-wrap-1.2.6.tgz",
      "integrity": "sha512-1Yjs2SvM8TflER/OD3cOjhWWOZb58A2t7wpE2S9XfBYTiIl+XFhQG2bjy4Pu1I+EAlCNUzRDYDdFwFYUKvXcIA==",
      "dev": true,
      "engines": {
        "node": ">=0.10.0"
      }
    },
    "node_modules/@discoveryjs/json-ext": {
      "version": "0.5.7",
      "resolved": "https://registry.npmjs.org/@discoveryjs/json-ext/-/json-ext-0.5.7.tgz",
      "integrity": "sha512-dBVuXR082gk3jsFp7Rd/JI4kytwGHecnCoTtXFb7DB6CNHp4rg5k1bhg0nWdLGLnOV71lmDzGQaLMy8iPLY0pw==",
      "dev": true,
      "engines": {
        "node": ">=10.0.0"
      }
    },
    "node_modules/@eslint-community/eslint-utils": {
      "version": "4.4.0",
      "resolved": "https://registry.npmjs.org/@eslint-community/eslint-utils/-/eslint-utils-4.4.0.tgz",
      "integrity": "sha512-1/sA4dwrzBAyeUoQ6oxahHKmrZvsnLCg4RfxW3ZFGGmQkSNQPFNLV9CUEFQP1x9EYXHTo5p6xdhZM1Ne9p/AfA==",
      "dev": true,
      "dependencies": {
        "eslint-visitor-keys": "^3.3.0"
      },
      "engines": {
        "node": "^12.22.0 || ^14.17.0 || >=16.0.0"
      },
      "peerDependencies": {
        "eslint": "^6.0.0 || ^7.0.0 || >=8.0.0"
      }
    },
    "node_modules/@eslint-community/regexpp": {
      "version": "4.10.0",
      "resolved": "https://registry.npmjs.org/@eslint-community/regexpp/-/regexpp-4.10.0.tgz",
      "integrity": "sha512-Cu96Sd2By9mCNTx2iyKOmq10v22jUVQv0lQnlGNy16oE9589yE+QADPbrMGCkA51cKZSg3Pu/aTJVTGfL/qjUA==",
      "dev": true,
      "engines": {
        "node": "^12.0.0 || ^14.0.0 || >=16.0.0"
      }
    },
    "node_modules/@eslint/eslintrc": {
      "version": "2.1.2",
      "resolved": "https://registry.npmjs.org/@eslint/eslintrc/-/eslintrc-2.1.2.tgz",
      "integrity": "sha512-+wvgpDsrB1YqAMdEUCcnTlpfVBH7Vqn6A/NT3D8WVXFIaKMlErPIZT3oCIAVCOtarRpMtelZLqJeU3t7WY6X6g==",
      "dev": true,
      "dependencies": {
        "ajv": "^6.12.4",
        "debug": "^4.3.2",
        "espree": "^9.6.0",
        "globals": "^13.19.0",
        "ignore": "^5.2.0",
        "import-fresh": "^3.2.1",
        "js-yaml": "^4.1.0",
        "minimatch": "^3.1.2",
        "strip-json-comments": "^3.1.1"
      },
      "engines": {
        "node": "^12.22.0 || ^14.17.0 || >=16.0.0"
      },
      "funding": {
        "url": "https://opencollective.com/eslint"
      }
    },
    "node_modules/@eslint/js": {
      "version": "8.52.0",
      "resolved": "https://registry.npmjs.org/@eslint/js/-/js-8.52.0.tgz",
      "integrity": "sha512-mjZVbpaeMZludF2fsWLD0Z9gCref1Tk4i9+wddjRvpUNqqcndPkBD09N/Mapey0b3jaXbLm2kICwFv2E64QinA==",
      "dev": true,
      "engines": {
        "node": "^12.22.0 || ^14.17.0 || >=16.0.0"
      }
    },
    "node_modules/@humanwhocodes/config-array": {
      "version": "0.11.13",
      "resolved": "https://registry.npmjs.org/@humanwhocodes/config-array/-/config-array-0.11.13.tgz",
      "integrity": "sha512-JSBDMiDKSzQVngfRjOdFXgFfklaXI4K9nLF49Auh21lmBWRLIK3+xTErTWD4KU54pb6coM6ESE7Awz/FNU3zgQ==",
      "dev": true,
      "dependencies": {
        "@humanwhocodes/object-schema": "^2.0.1",
        "debug": "^4.1.1",
        "minimatch": "^3.0.5"
      },
      "engines": {
        "node": ">=10.10.0"
      }
    },
    "node_modules/@humanwhocodes/module-importer": {
      "version": "1.0.1",
      "resolved": "https://registry.npmjs.org/@humanwhocodes/module-importer/-/module-importer-1.0.1.tgz",
      "integrity": "sha512-bxveV4V8v5Yb4ncFTT3rPSgZBOpCkjfK0y4oVVVJwIuDVBRMDXrPyXRL988i5ap9m9bnyEEjWfm5WkBmtffLfA==",
      "dev": true,
      "engines": {
        "node": ">=12.22"
      },
      "funding": {
        "type": "github",
        "url": "https://github.com/sponsors/nzakas"
      }
    },
    "node_modules/@humanwhocodes/object-schema": {
      "version": "2.0.1",
      "resolved": "https://registry.npmjs.org/@humanwhocodes/object-schema/-/object-schema-2.0.1.tgz",
      "integrity": "sha512-dvuCeX5fC9dXgJn9t+X5atfmgQAzUOWqS1254Gh0m6i8wKd10ebXkfNKiRK+1GWi/yTvvLDHpoxLr0xxxeslWw==",
      "dev": true
    },
    "node_modules/@isaacs/cliui": {
      "version": "8.0.2",
      "resolved": "https://registry.npmjs.org/@isaacs/cliui/-/cliui-8.0.2.tgz",
      "integrity": "sha512-O8jcjabXaleOG9DQ0+ARXWZBTfnP4WNAqzuiJK7ll44AmxGKv/J2M4TPjxjY3znBCfvBXFzucm1twdyFybFqEA==",
      "dev": true,
      "dependencies": {
        "string-width": "^5.1.2",
        "string-width-cjs": "npm:string-width@^4.2.0",
        "strip-ansi": "^7.0.1",
        "strip-ansi-cjs": "npm:strip-ansi@^6.0.1",
        "wrap-ansi": "^8.1.0",
        "wrap-ansi-cjs": "npm:wrap-ansi@^7.0.0"
      },
      "engines": {
        "node": ">=12"
      }
    },
    "node_modules/@isaacs/cliui/node_modules/ansi-regex": {
      "version": "6.0.1",
      "resolved": "https://registry.npmjs.org/ansi-regex/-/ansi-regex-6.0.1.tgz",
      "integrity": "sha512-n5M855fKb2SsfMIiFFoVrABHJC8QtHwVx+mHWP3QcEqBHYienj5dHSgjbxtC0WEZXYt4wcD6zrQElDPhFuZgfA==",
      "dev": true,
      "engines": {
        "node": ">=12"
      },
      "funding": {
        "url": "https://github.com/chalk/ansi-regex?sponsor=1"
      }
    },
    "node_modules/@isaacs/cliui/node_modules/strip-ansi": {
      "version": "7.1.0",
      "resolved": "https://registry.npmjs.org/strip-ansi/-/strip-ansi-7.1.0.tgz",
      "integrity": "sha512-iq6eVVI64nQQTRYq2KtEg2d2uU7LElhTJwsH4YzIHZshxlgZms/wIc4VoDQTlG/IvVIrBKG06CrZnp0qv7hkcQ==",
      "dev": true,
      "dependencies": {
        "ansi-regex": "^6.0.1"
      },
      "engines": {
        "node": ">=12"
      },
      "funding": {
        "url": "https://github.com/chalk/strip-ansi?sponsor=1"
      }
    },
    "node_modules/@jridgewell/gen-mapping": {
      "version": "0.3.3",
      "resolved": "https://registry.npmjs.org/@jridgewell/gen-mapping/-/gen-mapping-0.3.3.tgz",
      "integrity": "sha512-HLhSWOLRi875zjjMG/r+Nv0oCW8umGb0BgEhyX3dDX3egwZtB8PqLnjz3yedt8R5StBrzcg4aBpnh8UA9D1BoQ==",
      "dev": true,
      "dependencies": {
        "@jridgewell/set-array": "^1.0.1",
        "@jridgewell/sourcemap-codec": "^1.4.10",
        "@jridgewell/trace-mapping": "^0.3.9"
      },
      "engines": {
        "node": ">=6.0.0"
      }
    },
    "node_modules/@jridgewell/resolve-uri": {
      "version": "3.1.1",
      "resolved": "https://registry.npmjs.org/@jridgewell/resolve-uri/-/resolve-uri-3.1.1.tgz",
      "integrity": "sha512-dSYZh7HhCDtCKm4QakX0xFpsRDqjjtZf/kjI/v3T3Nwt5r8/qz/M19F9ySyOqU94SXBmeG9ttTul+YnR4LOxFA==",
      "dev": true,
      "engines": {
        "node": ">=6.0.0"
      }
    },
    "node_modules/@jridgewell/set-array": {
      "version": "1.1.2",
      "resolved": "https://registry.npmjs.org/@jridgewell/set-array/-/set-array-1.1.2.tgz",
      "integrity": "sha512-xnkseuNADM0gt2bs+BvhO0p78Mk762YnZdsuzFV018NoG1Sj1SCQvpSqa7XUaTam5vAGasABV9qXASMKnFMwMw==",
      "dev": true,
      "engines": {
        "node": ">=6.0.0"
      }
    },
    "node_modules/@jridgewell/source-map": {
      "version": "0.3.5",
      "resolved": "https://registry.npmjs.org/@jridgewell/source-map/-/source-map-0.3.5.tgz",
      "integrity": "sha512-UTYAUj/wviwdsMfzoSJspJxbkH5o1snzwX0//0ENX1u/55kkZZkcTZP6u9bwKGkv+dkk9at4m1Cpt0uY80kcpQ==",
      "dev": true,
      "dependencies": {
        "@jridgewell/gen-mapping": "^0.3.0",
        "@jridgewell/trace-mapping": "^0.3.9"
      }
    },
    "node_modules/@jridgewell/sourcemap-codec": {
      "version": "1.4.15",
      "resolved": "https://registry.npmjs.org/@jridgewell/sourcemap-codec/-/sourcemap-codec-1.4.15.tgz",
      "integrity": "sha512-eF2rxCRulEKXHTRiDrDy6erMYWqNw4LPdQ8UQA4huuxaQsVeRPFl2oM8oDGxMFhJUWZf9McpLtJasDDZb/Bpeg==",
      "dev": true
    },
    "node_modules/@jridgewell/trace-mapping": {
      "version": "0.3.20",
      "resolved": "https://registry.npmjs.org/@jridgewell/trace-mapping/-/trace-mapping-0.3.20.tgz",
      "integrity": "sha512-R8LcPeWZol2zR8mmH3JeKQ6QRCFb7XgUhV9ZlGhHLGyg4wpPiPZNQOOWhFZhxKw8u//yTbNGI42Bx/3paXEQ+Q==",
      "dev": true,
      "dependencies": {
        "@jridgewell/resolve-uri": "^3.1.0",
        "@jridgewell/sourcemap-codec": "^1.4.14"
      }
    },
    "node_modules/@kwsites/file-exists": {
      "version": "1.1.1",
      "resolved": "https://registry.npmjs.org/@kwsites/file-exists/-/file-exists-1.1.1.tgz",
      "integrity": "sha512-m9/5YGR18lIwxSFDwfE3oA7bWuq9kdau6ugN4H2rJeyhFQZcG9AgSHkQtSD15a8WvTgfz9aikZMrKPHvbpqFiw==",
      "dependencies": {
        "debug": "^4.1.1"
      }
    },
    "node_modules/@kwsites/promise-deferred": {
      "version": "1.1.1",
      "resolved": "https://registry.npmjs.org/@kwsites/promise-deferred/-/promise-deferred-1.1.1.tgz",
      "integrity": "sha512-GaHYm+c0O9MjZRu0ongGBRbinu8gVAMd2UZjji6jVmqKtZluZnptXGWhz1E8j8D2HJ3f/yMxKAUC0b+57wncIw=="
    },
    "node_modules/@nodelib/fs.scandir": {
      "version": "2.1.5",
      "resolved": "https://registry.npmjs.org/@nodelib/fs.scandir/-/fs.scandir-2.1.5.tgz",
      "integrity": "sha512-vq24Bq3ym5HEQm2NKCr3yXDwjc7vTsEThRDnkp2DK9p1uqLR+DHurm/NOTo0KG7HYHU7eppKZj3MyqYuMBf62g==",
      "dev": true,
      "dependencies": {
        "@nodelib/fs.stat": "2.0.5",
        "run-parallel": "^1.1.9"
      },
      "engines": {
        "node": ">= 8"
      }
    },
    "node_modules/@nodelib/fs.stat": {
      "version": "2.0.5",
      "resolved": "https://registry.npmjs.org/@nodelib/fs.stat/-/fs.stat-2.0.5.tgz",
      "integrity": "sha512-RkhPPp2zrqDAQA/2jNhnztcPAlv64XdhIp7a7454A5ovI7Bukxgt7MX7udwAu3zg1DcpPU0rz3VV1SeaqvY4+A==",
      "dev": true,
      "engines": {
        "node": ">= 8"
      }
    },
    "node_modules/@nodelib/fs.walk": {
      "version": "1.2.8",
      "resolved": "https://registry.npmjs.org/@nodelib/fs.walk/-/fs.walk-1.2.8.tgz",
      "integrity": "sha512-oGB+UxlgWcgQkgwo8GcEGwemoTFt3FIO9ababBmaGwXIoBKZ+GTy0pP185beGg7Llih/NSHSV2XAs1lnznocSg==",
      "dev": true,
      "dependencies": {
        "@nodelib/fs.scandir": "2.1.5",
        "fastq": "^1.6.0"
      },
      "engines": {
        "node": ">= 8"
      }
    },
    "node_modules/@pkgjs/parseargs": {
      "version": "0.11.0",
      "resolved": "https://registry.npmjs.org/@pkgjs/parseargs/-/parseargs-0.11.0.tgz",
      "integrity": "sha512-+1VkjdD0QBLPodGrJUeqarH8VAIvQODIbwh9XpP5Syisf7YoQgsJKPNFoqqLQlu+VQ/tVSshMR6loPMn8U+dPg==",
      "dev": true,
      "optional": true,
      "engines": {
        "node": ">=14"
      }
    },
    "node_modules/@tootallnate/once": {
      "version": "1.1.2",
      "resolved": "https://registry.npmjs.org/@tootallnate/once/-/once-1.1.2.tgz",
      "integrity": "sha512-RbzJvlNzmRq5c3O09UipeuXno4tA1FE6ikOjxZK0tuxVv3412l64l5t1W5pj4+rJq9vpkm/kwiR07aZXnsKPxw==",
      "dev": true,
      "engines": {
        "node": ">= 6"
      }
    },
    "node_modules/@types/eslint": {
      "version": "8.44.6",
      "resolved": "https://registry.npmjs.org/@types/eslint/-/eslint-8.44.6.tgz",
      "integrity": "sha512-P6bY56TVmX8y9J87jHNgQh43h6VVU+6H7oN7hgvivV81K2XY8qJZ5vqPy/HdUoVIelii2kChYVzQanlswPWVFw==",
      "dev": true,
      "dependencies": {
        "@types/estree": "*",
        "@types/json-schema": "*"
      }
    },
    "node_modules/@types/eslint-scope": {
      "version": "3.7.6",
      "resolved": "https://registry.npmjs.org/@types/eslint-scope/-/eslint-scope-3.7.6.tgz",
      "integrity": "sha512-zfM4ipmxVKWdxtDaJ3MP3pBurDXOCoyjvlpE3u6Qzrmw4BPbfm4/ambIeTk/r/J0iq/+2/xp0Fmt+gFvXJY2PQ==",
      "dev": true,
      "dependencies": {
        "@types/eslint": "*",
        "@types/estree": "*"
      }
    },
    "node_modules/@types/estree": {
      "version": "1.0.3",
      "resolved": "https://registry.npmjs.org/@types/estree/-/estree-1.0.3.tgz",
      "integrity": "sha512-CS2rOaoQ/eAgAfcTfq6amKG7bsN+EMcgGY4FAFQdvSj2y1ixvOZTUA9mOtCai7E1SYu283XNw7urKK30nP3wkQ==",
      "dev": true
    },
    "node_modules/@types/json-schema": {
      "version": "7.0.14",
      "resolved": "https://registry.npmjs.org/@types/json-schema/-/json-schema-7.0.14.tgz",
      "integrity": "sha512-U3PUjAudAdJBeC2pgN8uTIKgxrb4nlDF3SF0++EldXQvQBGkpFZMSnwQiIoDU77tv45VgNkl/L4ouD+rEomujw==",
      "dev": true
    },
    "node_modules/@types/mocha": {
      "version": "10.0.3",
      "resolved": "https://registry.npmjs.org/@types/mocha/-/mocha-10.0.3.tgz",
      "integrity": "sha512-RsOPImTriV/OE4A9qKjMtk2MnXiuLLbcO3nCXK+kvq4nr0iMfFgpjaX3MPLb6f7+EL1FGSelYvuJMV6REH+ZPQ==",
      "dev": true
    },
    "node_modules/@types/node": {
      "version": "18.18.7",
      "resolved": "https://registry.npmjs.org/@types/node/-/node-18.18.7.tgz",
      "integrity": "sha512-bw+lEsxis6eqJYW8Ql6+yTqkE6RuFtsQPSe5JxXbqYRFQEER5aJA9a5UH9igqDWm3X4iLHIKOHlnAXLM4mi7uQ==",
      "dependencies": {
        "undici-types": "~5.26.4"
      }
    },
    "node_modules/@types/node-fetch": {
      "version": "2.6.7",
      "resolved": "https://registry.npmjs.org/@types/node-fetch/-/node-fetch-2.6.7.tgz",
      "integrity": "sha512-lX17GZVpJ/fuCjguZ5b3TjEbSENxmEk1B2z02yoXSK9WMEWRivhdSY73wWMn6bpcCDAOh6qAdktpKHIlkDk2lg==",
      "dependencies": {
        "@types/node": "*",
        "form-data": "^4.0.0"
      }
    },
    "node_modules/@types/semver": {
      "version": "7.5.4",
      "resolved": "https://registry.npmjs.org/@types/semver/-/semver-7.5.4.tgz",
      "integrity": "sha512-MMzuxN3GdFwskAnb6fz0orFvhfqi752yjaXylr0Rp4oDg5H0Zn1IuyRhDVvYOwAXoJirx2xuS16I3WjxnAIHiQ==",
      "dev": true
    },
    "node_modules/@types/vscode": {
      "version": "1.83.1",
      "resolved": "https://registry.npmjs.org/@types/vscode/-/vscode-1.83.1.tgz",
      "integrity": "sha512-BHu51NaNKOtDf3BOonY3sKFFmZKEpRkzqkZVpSYxowLbs5JqjOQemYFob7Gs5rpxE5tiGhfpnMpcdF/oKrLg4w==",
      "dev": true
    },
    "node_modules/@typescript-eslint/eslint-plugin": {
      "version": "6.9.0",
      "resolved": "https://registry.npmjs.org/@typescript-eslint/eslint-plugin/-/eslint-plugin-6.9.0.tgz",
      "integrity": "sha512-lgX7F0azQwRPB7t7WAyeHWVfW1YJ9NIgd9mvGhfQpRY56X6AVf8mwM8Wol+0z4liE7XX3QOt8MN1rUKCfSjRIA==",
      "dev": true,
      "dependencies": {
        "@eslint-community/regexpp": "^4.5.1",
        "@typescript-eslint/scope-manager": "6.9.0",
        "@typescript-eslint/type-utils": "6.9.0",
        "@typescript-eslint/utils": "6.9.0",
        "@typescript-eslint/visitor-keys": "6.9.0",
        "debug": "^4.3.4",
        "graphemer": "^1.4.0",
        "ignore": "^5.2.4",
        "natural-compare": "^1.4.0",
        "semver": "^7.5.4",
        "ts-api-utils": "^1.0.1"
      },
      "engines": {
        "node": "^16.0.0 || >=18.0.0"
      },
      "funding": {
        "type": "opencollective",
        "url": "https://opencollective.com/typescript-eslint"
      },
      "peerDependencies": {
        "@typescript-eslint/parser": "^6.0.0 || ^6.0.0-alpha",
        "eslint": "^7.0.0 || ^8.0.0"
      },
      "peerDependenciesMeta": {
        "typescript": {
          "optional": true
        }
      }
    },
    "node_modules/@typescript-eslint/parser": {
      "version": "6.9.0",
      "resolved": "https://registry.npmjs.org/@typescript-eslint/parser/-/parser-6.9.0.tgz",
      "integrity": "sha512-GZmjMh4AJ/5gaH4XF2eXA8tMnHWP+Pm1mjQR2QN4Iz+j/zO04b9TOvJYOX2sCNIQHtRStKTxRY1FX7LhpJT4Gw==",
      "dev": true,
      "dependencies": {
        "@typescript-eslint/scope-manager": "6.9.0",
        "@typescript-eslint/types": "6.9.0",
        "@typescript-eslint/typescript-estree": "6.9.0",
        "@typescript-eslint/visitor-keys": "6.9.0",
        "debug": "^4.3.4"
      },
      "engines": {
        "node": "^16.0.0 || >=18.0.0"
      },
      "funding": {
        "type": "opencollective",
        "url": "https://opencollective.com/typescript-eslint"
      },
      "peerDependencies": {
        "eslint": "^7.0.0 || ^8.0.0"
      },
      "peerDependenciesMeta": {
        "typescript": {
          "optional": true
        }
      }
    },
    "node_modules/@typescript-eslint/scope-manager": {
      "version": "6.9.0",
      "resolved": "https://registry.npmjs.org/@typescript-eslint/scope-manager/-/scope-manager-6.9.0.tgz",
      "integrity": "sha512-1R8A9Mc39n4pCCz9o79qRO31HGNDvC7UhPhv26TovDsWPBDx+Sg3rOZdCELIA3ZmNoWAuxaMOT7aWtGRSYkQxw==",
      "dev": true,
      "dependencies": {
        "@typescript-eslint/types": "6.9.0",
        "@typescript-eslint/visitor-keys": "6.9.0"
      },
      "engines": {
        "node": "^16.0.0 || >=18.0.0"
      },
      "funding": {
        "type": "opencollective",
        "url": "https://opencollective.com/typescript-eslint"
      }
    },
    "node_modules/@typescript-eslint/type-utils": {
      "version": "6.9.0",
      "resolved": "https://registry.npmjs.org/@typescript-eslint/type-utils/-/type-utils-6.9.0.tgz",
      "integrity": "sha512-XXeahmfbpuhVbhSOROIzJ+b13krFmgtc4GlEuu1WBT+RpyGPIA4Y/eGnXzjbDj5gZLzpAXO/sj+IF/x2GtTMjQ==",
      "dev": true,
      "dependencies": {
        "@typescript-eslint/typescript-estree": "6.9.0",
        "@typescript-eslint/utils": "6.9.0",
        "debug": "^4.3.4",
        "ts-api-utils": "^1.0.1"
      },
      "engines": {
        "node": "^16.0.0 || >=18.0.0"
      },
      "funding": {
        "type": "opencollective",
        "url": "https://opencollective.com/typescript-eslint"
      },
      "peerDependencies": {
        "eslint": "^7.0.0 || ^8.0.0"
      },
      "peerDependenciesMeta": {
        "typescript": {
          "optional": true
        }
      }
    },
    "node_modules/@typescript-eslint/types": {
      "version": "6.9.0",
      "resolved": "https://registry.npmjs.org/@typescript-eslint/types/-/types-6.9.0.tgz",
      "integrity": "sha512-+KB0lbkpxBkBSiVCuQvduqMJy+I1FyDbdwSpM3IoBS7APl4Bu15lStPjgBIdykdRqQNYqYNMa8Kuidax6phaEw==",
      "dev": true,
      "engines": {
        "node": "^16.0.0 || >=18.0.0"
      },
      "funding": {
        "type": "opencollective",
        "url": "https://opencollective.com/typescript-eslint"
      }
    },
    "node_modules/@typescript-eslint/typescript-estree": {
      "version": "6.9.0",
      "resolved": "https://registry.npmjs.org/@typescript-eslint/typescript-estree/-/typescript-estree-6.9.0.tgz",
      "integrity": "sha512-NJM2BnJFZBEAbCfBP00zONKXvMqihZCrmwCaik0UhLr0vAgb6oguXxLX1k00oQyD+vZZ+CJn3kocvv2yxm4awQ==",
      "dev": true,
      "dependencies": {
        "@typescript-eslint/types": "6.9.0",
        "@typescript-eslint/visitor-keys": "6.9.0",
        "debug": "^4.3.4",
        "globby": "^11.1.0",
        "is-glob": "^4.0.3",
        "semver": "^7.5.4",
        "ts-api-utils": "^1.0.1"
      },
      "engines": {
        "node": "^16.0.0 || >=18.0.0"
      },
      "funding": {
        "type": "opencollective",
        "url": "https://opencollective.com/typescript-eslint"
      },
      "peerDependenciesMeta": {
        "typescript": {
          "optional": true
        }
      }
    },
    "node_modules/@typescript-eslint/utils": {
      "version": "6.9.0",
      "resolved": "https://registry.npmjs.org/@typescript-eslint/utils/-/utils-6.9.0.tgz",
      "integrity": "sha512-5Wf+Jsqya7WcCO8me504FBigeQKVLAMPmUzYgDbWchINNh1KJbxCgVya3EQ2MjvJMVeXl3pofRmprqX6mfQkjQ==",
      "dev": true,
      "dependencies": {
        "@eslint-community/eslint-utils": "^4.4.0",
        "@types/json-schema": "^7.0.12",
        "@types/semver": "^7.5.0",
        "@typescript-eslint/scope-manager": "6.9.0",
        "@typescript-eslint/types": "6.9.0",
        "@typescript-eslint/typescript-estree": "6.9.0",
        "semver": "^7.5.4"
      },
      "engines": {
        "node": "^16.0.0 || >=18.0.0"
      },
      "funding": {
        "type": "opencollective",
        "url": "https://opencollective.com/typescript-eslint"
      },
      "peerDependencies": {
        "eslint": "^7.0.0 || ^8.0.0"
      }
    },
    "node_modules/@typescript-eslint/visitor-keys": {
      "version": "6.9.0",
      "resolved": "https://registry.npmjs.org/@typescript-eslint/visitor-keys/-/visitor-keys-6.9.0.tgz",
      "integrity": "sha512-dGtAfqjV6RFOtIP8I0B4ZTBRrlTT8NHHlZZSchQx3qReaoDeXhYM++M4So2AgFK9ZB0emRPA6JI1HkafzA2Ibg==",
      "dev": true,
      "dependencies": {
        "@typescript-eslint/types": "6.9.0",
        "eslint-visitor-keys": "^3.4.1"
      },
      "engines": {
        "node": "^16.0.0 || >=18.0.0"
      },
      "funding": {
        "type": "opencollective",
        "url": "https://opencollective.com/typescript-eslint"
      }
    },
    "node_modules/@ungap/structured-clone": {
      "version": "1.2.0",
      "resolved": "https://registry.npmjs.org/@ungap/structured-clone/-/structured-clone-1.2.0.tgz",
      "integrity": "sha512-zuVdFrMJiuCDQUMCzQaD6KL28MjnqqN8XnAqiEq9PNm/hCPTSGfrXCOfwj1ow4LFb/tNymJPwsNbVePc1xFqrQ==",
      "dev": true
    },
    "node_modules/@vscode/test-electron": {
      "version": "2.3.6",
      "resolved": "https://registry.npmjs.org/@vscode/test-electron/-/test-electron-2.3.6.tgz",
      "integrity": "sha512-M31xGH0RgqNU6CZ4/9g39oUMJ99nLzfjA+4UbtIQ6TcXQ6+2qkjOOxedmPBDDCg26/3Al5ubjY80hIoaMwKYSw==",
      "dev": true,
      "dependencies": {
        "http-proxy-agent": "^4.0.1",
        "https-proxy-agent": "^5.0.0",
        "jszip": "^3.10.1",
        "semver": "^7.5.2"
      },
      "engines": {
        "node": ">=16"
      }
    },
    "node_modules/@webassemblyjs/ast": {
      "version": "1.11.6",
      "resolved": "https://registry.npmjs.org/@webassemblyjs/ast/-/ast-1.11.6.tgz",
      "integrity": "sha512-IN1xI7PwOvLPgjcf180gC1bqn3q/QaOCwYUahIOhbYUu8KA/3tw2RT/T0Gidi1l7Hhj5D/INhJxiICObqpMu4Q==",
      "dev": true,
      "dependencies": {
        "@webassemblyjs/helper-numbers": "1.11.6",
        "@webassemblyjs/helper-wasm-bytecode": "1.11.6"
      }
    },
    "node_modules/@webassemblyjs/floating-point-hex-parser": {
      "version": "1.11.6",
      "resolved": "https://registry.npmjs.org/@webassemblyjs/floating-point-hex-parser/-/floating-point-hex-parser-1.11.6.tgz",
      "integrity": "sha512-ejAj9hfRJ2XMsNHk/v6Fu2dGS+i4UaXBXGemOfQ/JfQ6mdQg/WXtwleQRLLS4OvfDhv8rYnVwH27YJLMyYsxhw==",
      "dev": true
    },
    "node_modules/@webassemblyjs/helper-api-error": {
      "version": "1.11.6",
      "resolved": "https://registry.npmjs.org/@webassemblyjs/helper-api-error/-/helper-api-error-1.11.6.tgz",
      "integrity": "sha512-o0YkoP4pVu4rN8aTJgAyj9hC2Sv5UlkzCHhxqWj8butaLvnpdc2jOwh4ewE6CX0txSfLn/UYaV/pheS2Txg//Q==",
      "dev": true
    },
    "node_modules/@webassemblyjs/helper-buffer": {
      "version": "1.11.6",
      "resolved": "https://registry.npmjs.org/@webassemblyjs/helper-buffer/-/helper-buffer-1.11.6.tgz",
      "integrity": "sha512-z3nFzdcp1mb8nEOFFk8DrYLpHvhKC3grJD2ardfKOzmbmJvEf/tPIqCY+sNcwZIY8ZD7IkB2l7/pqhUhqm7hLA==",
      "dev": true
    },
    "node_modules/@webassemblyjs/helper-numbers": {
      "version": "1.11.6",
      "resolved": "https://registry.npmjs.org/@webassemblyjs/helper-numbers/-/helper-numbers-1.11.6.tgz",
      "integrity": "sha512-vUIhZ8LZoIWHBohiEObxVm6hwP034jwmc9kuq5GdHZH0wiLVLIPcMCdpJzG4C11cHoQ25TFIQj9kaVADVX7N3g==",
      "dev": true,
      "dependencies": {
        "@webassemblyjs/floating-point-hex-parser": "1.11.6",
        "@webassemblyjs/helper-api-error": "1.11.6",
        "@xtuc/long": "4.2.2"
      }
    },
    "node_modules/@webassemblyjs/helper-wasm-bytecode": {
      "version": "1.11.6",
      "resolved": "https://registry.npmjs.org/@webassemblyjs/helper-wasm-bytecode/-/helper-wasm-bytecode-1.11.6.tgz",
      "integrity": "sha512-sFFHKwcmBprO9e7Icf0+gddyWYDViL8bpPjJJl0WHxCdETktXdmtWLGVzoHbqUcY4Be1LkNfwTmXOJUFZYSJdA==",
      "dev": true
    },
    "node_modules/@webassemblyjs/helper-wasm-section": {
      "version": "1.11.6",
      "resolved": "https://registry.npmjs.org/@webassemblyjs/helper-wasm-section/-/helper-wasm-section-1.11.6.tgz",
      "integrity": "sha512-LPpZbSOwTpEC2cgn4hTydySy1Ke+XEu+ETXuoyvuyezHO3Kjdu90KK95Sh9xTbmjrCsUwvWwCOQQNta37VrS9g==",
      "dev": true,
      "dependencies": {
        "@webassemblyjs/ast": "1.11.6",
        "@webassemblyjs/helper-buffer": "1.11.6",
        "@webassemblyjs/helper-wasm-bytecode": "1.11.6",
        "@webassemblyjs/wasm-gen": "1.11.6"
      }
    },
    "node_modules/@webassemblyjs/ieee754": {
      "version": "1.11.6",
      "resolved": "https://registry.npmjs.org/@webassemblyjs/ieee754/-/ieee754-1.11.6.tgz",
      "integrity": "sha512-LM4p2csPNvbij6U1f19v6WR56QZ8JcHg3QIJTlSwzFcmx6WSORicYj6I63f9yU1kEUtrpG+kjkiIAkevHpDXrg==",
      "dev": true,
      "dependencies": {
        "@xtuc/ieee754": "^1.2.0"
      }
    },
    "node_modules/@webassemblyjs/leb128": {
      "version": "1.11.6",
      "resolved": "https://registry.npmjs.org/@webassemblyjs/leb128/-/leb128-1.11.6.tgz",
      "integrity": "sha512-m7a0FhE67DQXgouf1tbN5XQcdWoNgaAuoULHIfGFIEVKA6tu/edls6XnIlkmS6FrXAquJRPni3ZZKjw6FSPjPQ==",
      "dev": true,
      "dependencies": {
        "@xtuc/long": "4.2.2"
      }
    },
    "node_modules/@webassemblyjs/utf8": {
      "version": "1.11.6",
      "resolved": "https://registry.npmjs.org/@webassemblyjs/utf8/-/utf8-1.11.6.tgz",
      "integrity": "sha512-vtXf2wTQ3+up9Zsg8sa2yWiQpzSsMyXj0qViVP6xKGCUT8p8YJ6HqI7l5eCnWx1T/FYdsv07HQs2wTFbbof/RA==",
      "dev": true
    },
    "node_modules/@webassemblyjs/wasm-edit": {
      "version": "1.11.6",
      "resolved": "https://registry.npmjs.org/@webassemblyjs/wasm-edit/-/wasm-edit-1.11.6.tgz",
      "integrity": "sha512-Ybn2I6fnfIGuCR+Faaz7YcvtBKxvoLV3Lebn1tM4o/IAJzmi9AWYIPWpyBfU8cC+JxAO57bk4+zdsTjJR+VTOw==",
      "dev": true,
      "dependencies": {
        "@webassemblyjs/ast": "1.11.6",
        "@webassemblyjs/helper-buffer": "1.11.6",
        "@webassemblyjs/helper-wasm-bytecode": "1.11.6",
        "@webassemblyjs/helper-wasm-section": "1.11.6",