
{
  "name": "localcompletion",
  "version": "0.3.0",
  "lockfileVersion": 3,
  "requires": true,
  "packages": {
    "": {
      "name": "localcompletion",
      "version": "0.3.0",
      "dependencies": {
        "openai": "^4.14.1",
        "simple-git": "^3.22.0"
      },
      "devDependencies": {
        "@types/mocha": "^10.0.2",
        "@types/node": "18.x",
        "@types/vscode": "^1.83.0",
        "@typescript-eslint/eslint-plugin": "^6.7.3",
        "@typescript-eslint/parser": "^6.7.3",
        "@vscode/test-electron": "^2.3.4",
        "eslint": "^8.50.0",
        "glob": "^10.3.3",
        "mocha": "^10.2.0",
        "ts-loader": "^9.4.4",
        "typescript": "^5.2.2",
        "webpack": "^5.88.2",
        "webpack-cli": "^5.1.4"
      },
      "engines": {
        "vscode": "^1.83.0"
      }
    },
    "node_modules/@aashutoshrathi/word-wrap": {
      "version": "1.2.6",
      "resolved": "https://registry.npmjs.org/@aashutoshrathi/word-wrap/-/word-wrap-1.2.6.tgz",
      "integrity": "sha512-1Yjs2SvM8TflER/OD3cOjhWWOZb58A2t7wpE2S9XfBYTiIl+XFhQG2bjy4Pu1I+EAlCNUzRDYDdFwFYUKvXcIA==",
      "dev": true,
      "engines": {